
Microsoft Visual Studio Solution File, Format Version 12.00
# Visual Studio 15
VisualStudioVersion = 15.0.27004.2006
MinimumVisualStudioVersion = 10.0.40219.1
Project("{FAE04EC0-301F-11D3-BF4B-00C04F79EFBC}") = "ExamWindowsForms", "ExamWindowsForms\ExamWindowsForms.csproj", "{B4F06F5A-34DB-485A-8207-861C81577C4B}"
EndProject
Global
	GlobalSection(SolutionConfigurationPlatforms) = preSolution
		Debug|Any CPU = Debug|Any CPU
		Release|Any CPU = Release|Any CPU
	EndGlobalSection
	GlobalSection(ProjectConfigurationPlatforms) = postSolution
		{B4F06F5A-34DB-485A-8207-861C81577C4B}.Debug|Any CPU.ActiveCfg = Debug|Any CPU
		{B4F06F5A-34DB-485A-8207-861C81577C4B}.Debug|Any CPU.Build.0 = Debug|Any CPU
		{B4F06F5A-34DB-485A-8207-861C81577C4B}.Release|Any CPU.ActiveCfg = Release|Any CPU
		{B4F06F5A-34DB-485A-8207-861C81577C4B}.Release|Any CPU.Build.0 = Release|Any CPU
	EndGlobalSection
	GlobalSection(SolutionProperties) = preSolution
		HideSolutionNode = FALSE
	EndGlobalSection
	GlobalSection(ExtensibilityGlobals) = postSolution
		SolutionGuid = {2D5AA9AF-F6DC-4709-9161-B59BE24329E0}
	EndGlobalSection
EndGlobal
